
Microsoft Visual Studio Solution File, Format Version 12.00
# Visual Studio Version 17
VisualStudioVersion = 17.4.33213.308
MinimumVisualStudioVersion = 10.0.40219.1
Project("{FAE04EC0-301F-11D3-BF4B-00C04F79EFBC}") = "WebApiAutores", "WebApiAutores\WebApiAutores.csproj", "{5545F65E-6858-432E-BE9E-929D3ECC3993}"
EndProject
Global
	GlobalSection(SolutionConfigurationPlatforms) = preSolution
		Debug|Any CPU = Debug|Any CPU
		Release|Any CPU = Release|Any CPU
	EndGlobalSection
	GlobalSection(ProjectConfigurationPlatforms) = postSolution
		{5545F65E-6858-432E-BE9E-929D3ECC3993}.Debug|Any CPU.ActiveCfg = Debug|Any CPU
		{5545F65E-6858-432E-BE9E-929D3ECC3993}.Debug|Any CPU.Build.0 = Debug|Any CPU
		{5545F65E-6858-432E-BE9E-929D3ECC3993}.Release|Any CPU.ActiveCfg = Release|Any CPU
		{5545F65E-6858-432E-BE9E-929D3ECC3993}.Release|Any CPU.Build.0 = Release|Any CPU
	EndGlobalSection
	GlobalSection(SolutionProperties) = preSolution
		HideSolutionNode = FALSE
	EndGlobalSection
	GlobalSection(ExtensibilityGlobals) = postSolution
		SolutionGuid = {E9D36B8A-AB68-4992-88EA-206224A774A6}
	EndGlobalSection
EndGlobal
